// !$*UTF8*$!
{
	archiveVersion = 1;
	classes = {
	};
	objectVersion = 46;
	objects = {

/* Begin PBXBuildFile section */
		CE9599D41DEEDF5E00CF81F7 /* main.cpp in Sources */ = {isa = PBXBuildFile; fileRef = CE9599D31DEEDF5E00CF81F7 /* main.cpp */; };
/* End PBXBuildFile section */

/* Begin PBXCopyFilesBuildPhase section */
		CE9599CE1DEEDF5D00CF81F7 /* CopyFiles */ = {
			isa = PBXCopyFilesBuildPhase;
			buildActionMask = 2147483647;
			dstPath = /usr/share/man/man1/;
			dstSubfolderSpec = 0;
			files = (
			);
			runOnlyForDeploymentPostprocessing = 1;
		};
/* End PBXCopyFilesBuildPhase section */

/* Begin PBXFileReference section */
		CE9599D01DEEDF5E00CF81F7 /* ch15test */ = {isa = PBXFileReference; explicitFileType = "compiled.mach-o.executable"; includeInIndex = 0; path = ch15test; sourceTree = BUILT_PRODUCTS_DIR; };
		CE9599D31DEEDF5E00CF81F7 /* main.cpp */ = {isa = PBXFileReference; lastKnownFileType = sourcecode.cpp.cpp; path = main.cpp; sourceTree = "<group>"; };
		CE9599DC1DF085A800CF81F7 /* Quote.h */ = {isa = PBXFileReference; lastKnownFileType = sourcecode.c.h; name = Quote.h; path = ../Quote.h; sourceTree = "<group>"; };
		CE9599DD1DF0860B00CF81F7 /* Bulk_quote.h */ = {isa = PBXFileReference; lastKnownFileType = sourcecode.c.h; path = Bulk_quote.h; sourceTree = "<group>"; };
		CE9599DE1DF088B800CF81F7 /* Limit_quote.h */ = {isa = PBXFileReference; lastKnownFileType = sourcecode.c.h; path = Limit_quote.h; sourceTree = "<group>"; };
		CE9599DF1DF0891C00CF81F7 /* Disc_quote.h */ = {isa = PBXFileReference; lastKnownFileType = sourcecode.c.h; path = Disc_quote.h; sourceTree = "<group>"; };
		CE9599E01DF1091700CF81F7 /* basket.h */ = {isa = PBXFileReference; lastKnownFileType = sourcecode.c.h; name = basket.h; path = ../basket.h; sourceTree = "<group>"; };
/* End PBXFileReference section */

/* Begin PBXFrameworksBuildPhase section */
		CE9599CD1DEEDF5D00CF81F7 /* Frameworks */ = {
			isa = PBXFrameworksBuildPhase;
			buildActionMask = 2147483647;
			files = (
			);
			runOnlyForDeploymentPostprocessing = 0;
		};
/* End PBXFrameworksBuildPhase section */

/* Begin PBXGroup section */
		CE9599C71DEEDF5D00CF81F7 = {
			isa = PBXGroup;
			children = (
				CE9599D21DEEDF5E00CF81F7 /* ch15test */,
				CE9599D11DEEDF5E00CF81F7 /* Products */,
			);
			sourceTree = "<group>";
		};
		CE9599D11DEEDF5E00CF81F7 /* Products */ = {
			isa = PBXGroup;
			children = (
				CE9599D01DEEDF5E00CF81F7 /* ch15test */,
			);
			name = Products;
			sourceTree = "<group>";
		};
		CE9599D21DEEDF5E00CF81F7 /* ch15test */ = {
			isa = PBXGroup;
			children = (
				CE9599E01DF1091700CF81F7 /* basket.h */,
				CE9599D31DEEDF5E00CF81F7 /* main.cpp */,
				CE9599DC1DF085A800CF81F7 /* Quote.h */,
				CE9599DD1DF0860B00CF81F7 /* Bulk_quote.h */,
				CE9599DE1DF088B800CF81F7 /* Limit_quote.h */,
				CE9599DF1DF0891C00CF81F7 /* Disc_quote.h */,
			);
			path = ch15test;
			sourceTree = "<group>";
		};
/* End PBXGroup section */

/* Begin PBXNativeTarget section */
		CE9599CF1DEEDF5D00CF81F7 /* ch15test */ = {
			isa = PBXNativeTarget;
			buildConfigurationList = CE9599D71DEEDF5E00CF81F7 /* Build configuration list for PBXNativeTarget "ch15test" */;
			buildPhases = (
				CE9599CC1DEEDF5D00CF81F7 /* Sources */,
				CE9599CD1DEEDF5D00CF81F7 /* Frameworks */,
				CE9599CE1DEEDF5D00CF81F7 /* CopyFiles */,
			);
			buildRules = (
			);
			dependencies = (
			);
			name = ch15test;
			productName = ch15test;
			productReference = CE9599D01DEEDF5E00CF81F7 /* ch15test */;
			productType = "com.apple.product-type.tool";
		};
/* End PBXNativeTarget section */

/* Begin PBXProject section */
		CE9599C81DEEDF5D00CF81F7 /* Project object */ = {
			isa = PBXProject;
			attributes = {
				LastUpgradeCheck = 0810;
				ORGANIZATIONNAME = ellen;
				TargetAttributes = {
					CE9599CF1DEEDF5D00CF81F7 = {
						CreatedOnToolsVersion = 8.1;
						ProvisioningStyle = Automatic;
					};
				};
			};
			buildConfigurationList = CE9599CB1DEEDF5D00CF81F7 /* Build configuration list for PBXProject "ch15test" */;
			compatibilityVersion = "Xcode 3.2";
			developmentRegion = English;
			hasScannedForEncodings = 0;
			knownRegions = (
				en,
			);
			mainGroup = CE9599C71DEEDF5D00CF81F7;
			productRefGroup = CE9599D11DEEDF5E00CF81F7 /* Products */;
			projectDirPath = "";
			projectRoot = "";
			targets = (
				CE9599CF1DEEDF5D00CF81F7 /* ch15test */,
			);
		};
/* End PBXProject section */

/* Begin PBXSourcesBuildPhase section */
		CE9599CC1DEEDF5D00CF81F7 /* Sources */ = {
			isa = PBXSourcesBuildPhase;
			buildActionMask = 2147483647;
			files = (
				CE9599D41DEEDF5E00CF81F7 /* main.cpp in Sources */,
			);
			runOnlyForDeploymentPostprocessing = 0;
		};
/* End PBXSourcesBuildPhase section */

/* Begin XCBuildConfiguration section */
		CE9599D51DEEDF5E00CF81F7 /* Debug */ = {
			isa = XCBuildConfiguration;
			buildSettings = {
				ALWAYS_SEARCH_USER_PATHS = NO;
				CLANG_ANALYZER_NONNULL = YES;
				CLANG_CXX_LANGUAGE_STANDARD = "gnu++0x";
				CLANG_CXX_LIBRARY = "libc++";
				CLANG_ENABLE_MODULES = YES;
				CLANG_ENABLE_OBJC_ARC = YES;
				CLANG_WARN_BOOL_CONVERSION = YES;
				CLANG_WARN_CONSTANT_CONVERSION = YES;
				CLANG_WARN_DIRECT_OBJC_ISA_USAGE = YES_ERROR;
				CLANG_WARN_DOCUMENTATION_COMMENTS = YES;
				CLANG_WARN_EMPTY_BODY = YES;
				CLANG_WARN_ENUM_CONVERSION = YES;
				CLANG_WARN_INFINITE_RECURSION = YES;
				CLANG_WARN_INT_CONVERSION = YES;
				CLANG_WARN_OBJC_ROOT_CLASS = YES_ERROR;
				CLANG_WARN_SUSPICIOUS_MOVES = YES;
				CLANG_WARN_UNREACHABLE_CODE = YES;
				CLANG_WARN__DUPLICATE_METHOD_MATCH = YES;
				CODE_SIGN_IDENTITY = "-";
				COPY_PHASE_STRIP = NO;
				DEBUG_INFORMATION_FORMAT = dwarf;
				ENABLE_STRICT_OBJC_MSGSEND = YES;
				ENABLE_TESTABILITY = YES;
				GCC_C_LANGUAGE_STANDARD = gnu99;
				GCC_DYNAMIC_NO_PIC = NO;
				GCC_NO_COMMON_BLOCKS = YES;
				GCC_OPTIMIZATION_LEVEL = 0;
				GCC_PREPROCESSOR_DEFINITIONS = (
					"DEBUG=1",
					"$(inherited)",
				);
				GCC_WARN_64_TO_32_BIT_CONVERSION = YES;
				GCC_WARN_ABOUT_RETURN_TYPE = YES_ERROR;
				GCC_WARN_UNDECLARED_SELECTOR = YES;
				GCC_WARN_UNINITIALIZED_AUTOS = YES_AGGRESSIVE;
				GCC_WARN_UNUSED_FUNCTION = YES;
				GCC_WARN_UNUSED_VARIABLE = YES;
				MACOSX_DEPLOYMENT_TARGET = 10.12;
				MTL_ENABLE_DEBUG_INFO = YES;
				ONLY_ACTIVE_ARCH = YES;
				SDKROOT = macosx;
			};
			name = Debug;
		};
		CE9599D61DEEDF5E00CF81F7 /* Release */ = {
			isa = XCBuildConfiguration;
			buildSettings = {
				ALWAYS_SEARCH_USER_PATHS = NO;
				CLANG_ANALYZER_NONNULL = YES;
				CLANG_CXX_LANGUAGE_STANDARD = "gnu++0x";
				CLANG_CXX_LIBRARY = "libc++";
				CLANG_ENABLE_MODULES = YES;
				CLANG_ENABLE_OBJC_ARC = YES;
				CLANG_WARN_BOOL_CONVERSION = YES;
				CLANG_WARN_CONSTANT_CONVERSION = YES;
				CLANG_WARN_DIRECT_OBJC_ISA_USAGE = YES_ERROR;
				CLANG_WARN_DOCUMENTATION_COMMENTS = YES;
				CLANG_WARN_EMPTY_BODY = YES;
				CLANG_WARN_ENUM_CONVERSION = YES;
				CLANG_WARN_INFINITE_RECURSION = YES;
				CLANG_WARN_INT_CONVERSION = YES;
				CLANG_WARN_OBJC_ROOT_CLASS = YES_ERROR;
				CLANG_WARN_SUSPICIOUS_MOVES = YES;
				CLANG_WARN_UNREACHABLE_CODE = YES;
				CLANG_WARN__DUPLICATE_METHOD_MATCH = YES;
				CODE_SIGN_IDENTITY = "-";
				COPY_PHASE_STRIP = NO;
				DEBUG_INFORMATION_FORMAT = "dwarf-with-dsym";
				ENABLE_NS_ASSERTIONS = NO;
				ENABLE_STRICT_OBJC_MSGSEND = YES;
				GCC_C_LANGUAGE_STANDARD = gnu99;
				GCC_NO_COMMON_BLOCKS = YES;
				GCC_WARN_64_TO_32_BIT_CONVERSION = YES;
				GCC_WARN_ABOUT_RETURN_TYPE = YES_ERROR;
				GCC_WARN_UNDECLARED_SELECTOR = YES;
				GCC_WARN_UNINITIALIZED_AUTOS = YES_AGGRESSIVE;
				GCC_WARN_UNUSED_FUNCTION = YES;
				GCC_WARN_UNUSED_VARIABLE = YES;
				MACOSX_DEPLOYMENT_TARGET = 10.12;
				MTL_ENABLE_DEBUG_INFO = NO;
				SDKROOT = macosx;
			};
			name = Release;
		};
		CE9599D81DEEDF5E00CF81F7 /* Debug */ = {
			isa = XCBuildConfiguration;
			buildSettings = {
				PRODUCT_NAME = "$(TARGET_NAME)";
			};
			name = Debug;
		};
		CE9599D91DEEDF5E00CF81F7 /* Release */ = {
			isa = XCBuildConfiguration;
			buildSettings = {
				PRODUCT_NAME = "$(TARGET_NAME)";
			};
			name = Release;
		};
/* End XCBuildConfiguration section */

/* Begin XCConfigurationList section */
		CE9599CB1DEEDF5D00CF81F7 /* Build configuration list for PBXProject "ch15test" */ = {
			isa = XCConfigurationList;
			buildConfigurations = (
				CE9599D51DEEDF5E00CF81F7 /* Debug */,
				CE9599D61DEEDF5E00CF81F7 /* Release */,
			);
			defaultConfigurationIsVisible = 0;
			defaultConfigurationName = Release;
		};
		CE9599D71DEEDF5E00CF81F7 /* Build configuration list for PBXNativeTarget "ch15test" */ = {
			isa = XCConfigurationList;
			buildConfigurations = (
				CE9599D81DEEDF5E00CF81F7 /* Debug */,
				CE9599D91DEEDF5E00CF81F7 /* Release */,
			);
			defaultConfigurationIsVisible = 0;
			defaultConfigurationName = Release;
		};
/* End XCConfigurationList section */
	};
	rootObject = CE9599C81DEEDF5D00CF81F7 /* Project object */;
}
